
Microsoft Visual Studio Solution File, Format Version 12.00
# Visual Studio Version 16
VisualStudioVersion = 16.0.30907.101
MinimumVisualStudioVersion = 10.0.40219.1
Project("{8BC9CEB8-8B4A-11D0-8D11-00A0C91BC942}") = "ScreenCapture", "ScreenCapture\ScreenCapture.vcxproj", "{C0A73535-472D-4E3C-A60E-26352E9C9349}"
EndProject
Global
	GlobalSection(SolutionConfigurationPlatforms) = preSolution
		Debug|x64 = Debug|x64
		Debug|x86 = Debug|x86
		Release|x64 = Release|x64
		Release|x86 = Release|x86
	EndGlobalSection
	GlobalSection(ProjectConfigurationPlatforms) = postSolution
		{C0A73535-472D-4E3C-A60E-26352E9C9349}.Debug|x64.ActiveCfg = Debug|x64
		{C0A73535-472D-4E3C-A60E-26352E9C9349}.Debug|x64.Build.0 = Debug|x64
		{C0A73535-472D-4E3C-A60E-26352E9C9349}.Debug|x86.ActiveCfg = Debug|Win32
		{C0A73535-472D-4E3C-A60E-26352E9C9349}.Debug|x86.Build.0 = Debug|Win32
		{C0A73535-472D-4E3C-A60E-26352E9C9349}.Release|x64.ActiveCfg = Release|x64
		{C0A73535-472D-4E3C-A60E-26352E9C9349}.Release|x64.Build.0 = Release|x64
		{C0A73535-472D-4E3C-A60E-26352E9C9349}.Release|x86.ActiveCfg = Release|Win32
		{C0A73535-472D-4E3C-A60E-26352E9C9349}.Release|x86.Build.0 = Release|Win32
	EndGlobalSection
	GlobalSection(SolutionProperties) = preSolution
		HideSolutionNode = FALSE
	EndGlobalSection
	GlobalSection(ExtensibilityGlobals) = postSolution
		SolutionGuid = {2D46BF3B-4827-4556-A49D-640361DE659B}
	EndGlobalSection
EndGlobal
